// !$*UTF8*$!
{
	archiveVersion = 1;
	classes = {
	};
	objectVersion = 46;
	objects = {

/* Begin PBXBuildFile section */
		1AEDEC151CBD4785008CE799 /* u1.c in Sources */ = {isa = PBXBuildFile; fileRef = 1AEDEC111CBD4785008CE799 /* u1.c */; };
		1AEDEC161CBD4785008CE799 /* u2.c in Sources */ = {isa = PBXBuildFile; fileRef = 1AEDEC121CBD4785008CE799 /* u2.c */; };
		1AEDEC171CBD4785008CE799 /* u31.c in Sources */ = {isa = PBXBuildFile; fileRef = 1AEDEC131CBD4785008CE799 /* u31.c */; };
		1AEDEC181CBD4785008CE799 /* u32.c in Sources */ = {isa = PBXBuildFile; fileRef = 1AEDEC141CBD4785008CE799 /* u32.c */; };
/* End PBXBuildFile section */

/* Begin PBXCopyFilesBuildPhase section */
		1AEDEC041CBD4758008CE799 /* CopyFiles */ = {
			isa = PBXCopyFilesBuildPhase;
			buildActionMask = 2147483647;
			dstPath = /usr/share/man/man1/;
			dstSubfolderSpec = 0;
			files = (
			);
			runOnlyForDeploymentPostprocessing = 1;
		};
/* End PBXCopyFilesBuildPhase section */

/* Begin PBXFileReference section */
		1AEDEC061CBD4758008CE799 /* Laboration 4 */ = {isa = PBXFileReference; explicitFileType = "compiled.mach-o.executable"; includeInIndex = 0; path = "Laboration 4"; sourceTree = BUILT_PRODUCTS_DIR; };
		1AEDEC101CBD4785008CE799 /* staffan.h */ = {isa = PBXFileReference; fileEncoding = 4; lastKnownFileType = sourcecode.c.h; path = staffan.h; sourceTree = "<group>"; };
		1AEDEC111CBD4785008CE799 /* u1.c */ = {isa = PBXFileReference; fileEncoding = 4; lastKnownFileType = sourcecode.c.c; path = u1.c; sourceTree = "<group>"; };
		1AEDEC121CBD4785008CE799 /* u2.c */ = {isa = PBXFileReference; fileEncoding = 4; lastKnownFileType = sourcecode.c.c; path = u2.c; sourceTree = "<group>"; };
		1AEDEC131CBD4785008CE799 /* u31.c */ = {isa = PBXFileReference; fileEncoding = 4; lastKnownFileType = sourcecode.c.c; path = u31.c; sourceTree = "<group>"; };
		1AEDEC141CBD4785008CE799 /* u32.c */ = {isa = PBXFileReference; fileEncoding = 4; lastKnownFileType = sourcecode.c.c; path = u32.c; sourceTree = "<group>"; };
/* End PBXFileReference section */

/* Begin PBXFrameworksBuildPhase section */
		1AEDEC031CBD4758008CE799 /* Frameworks */ = {
			isa = PBXFrameworksBuildPhase;
			buildActionMask = 2147483647;
			files = (
			);
			runOnlyForDeploymentPostprocessing = 0;
		};
/* End PBXFrameworksBuildPhase section */

/* Begin PBXGroup section */
		1AEDEBFD1CBD4758008CE799 = {
			isa = PBXGroup;
			children = (
				1AEDEC081CBD4758008CE799 /* Laboration 4 */,
				1AEDEC071CBD4758008CE799 /* Products */,
			);
			sourceTree = "<group>";
		};
		1AEDEC071CBD4758008CE799 /* Products */ = {
			isa = PBXGroup;
			children = (
				1AEDEC061CBD4758008CE799 /* Laboration 4 */,
			);
			name = Products;
			sourceTree = "<group>";
		};
		1AEDEC081CBD4758008CE799 /* Laboration 4 */ = {
			isa = PBXGroup;
			children = (
				1AEDEC101CBD4785008CE799 /* staffan.h */,
				1AEDEC111CBD4785008CE799 /* u1.c */,
				1AEDEC121CBD4785008CE799 /* u2.c */,
				1AEDEC131CBD4785008CE799 /* u31.c */,
				1AEDEC141CBD4785008CE799 /* u32.c */,
			);
			path = "Laboration 4";
			sourceTree = "<group>";
		};
/* End PBXGroup section */

/* Begin PBXNativeTarget section */
		1AEDEC051CBD4758008CE799 /* Laboration 4 */ = {
			isa = PBXNativeTarget;
			buildConfigurationList = 1AEDEC0D1CBD4758008CE799 /* Build configuration list for PBXNativeTarget "Laboration 4" */;
			buildPhases = (
				1AEDEC021CBD4758008CE799 /* Sources */,
				1AEDEC031CBD4758008CE799 /* Frameworks */,
				1AEDEC041CBD4758008CE799 /* CopyFiles */,
			);
			buildRules = (
			);
			dependencies = (
			);
			name = "Laboration 4";
			productName = "Laboration 4";
			productReference = 1AEDEC061CBD4758008CE799 /* Laboration 4 */;
			productType = "com.apple.product-type.tool";
		};
/* End PBXNativeTarget section */

/* Begin PBXProject section */
		1AEDEBFE1CBD4758008CE799 /* Project object */ = {
			isa = PBXProject;
			attributes = {
				LastUpgradeCheck = 0730;
				ORGANIZATIONNAME = "Mälardalens Högskola";
				TargetAttributes = {
					1AEDEC051CBD4758008CE799 = {
						CreatedOnToolsVersion = 7.3;
					};
				};
			};
			buildConfigurationList = 1AEDEC011CBD4758008CE799 /* Build configuration list for PBXProject "Laboration 4" */;
			compatibilityVersion = "Xcode 3.2";
			developmentRegion = English;
			hasScannedForEncodings = 0;
			knownRegions = (
				en,
			);
			mainGroup = 1AEDEBFD1CBD4758008CE799;
			productRefGroup = 1AEDEC071CBD4758008CE799 /* Products */;
			projectDirPath = "";
			projectRoot = "";
			targets = (
				1AEDEC051CBD4758008CE799 /* Laboration 4 */,
			);
		};
/* End PBXProject section */

/* Begin PBXSourcesBuildPhase section */
		1AEDEC021CBD4758008CE799 /* Sources */ = {
			isa = PBXSourcesBuildPhase;
			buildActionMask = 2147483647;
			files = (
				1AEDEC181CBD4785008CE799 /* u32.c in Sources */,
				1AEDEC171CBD4785008CE799 /* u31.c in Sources */,
				1AEDEC161CBD4785008CE799 /* u2.c in Sources */,
				1AEDEC151CBD4785008CE799 /* u1.c in Sources */,
			);
			runOnlyForDeploymentPostprocessing = 0;
		};
/* End PBXSourcesBuildPhase section */

/* Begin XCBuildConfiguration section */
		1AEDEC0B1CBD4758008CE799 /* Debug */ = {
			isa = XCBuildConfiguration;
			buildSettings = {
				ALWAYS_SEARCH_USER_PATHS = NO;
				CLANG_ANALYZER_NONNULL = YES;
				CLANG_CXX_LANGUAGE_STANDARD = "gnu++0x";
				CLANG_CXX_LIBRARY = "libc++";
				CLANG_ENABLE_MODULES = YES;
				CLANG_ENABLE_OBJC_ARC = YES;
				CLANG_WARN_BOOL_CONVERSION = YES;
				CLANG_WARN_CONSTANT_CONVERSION = YES;
				CLANG_WARN_DIRECT_OBJC_ISA_USAGE = YES_ERROR;
				CLANG_WARN_EMPTY_BODY = YES;
				CLANG_WARN_ENUM_CONVERSION = YES;
				CLANG_WARN_INT_CONVERSION = YES;
				CLANG_WARN_OBJC_ROOT_CLASS = YES_ERROR;
				CLANG_WARN_UNREACHABLE_CODE = YES;
				CLANG_WARN__DUPLICATE_METHOD_MATCH = YES;
				CODE_SIGN_IDENTITY = "-";
				COPY_PHASE_STRIP = NO;
				DEBUG_INFORMATION_FORMAT = dwarf;
				ENABLE_STRICT_OBJC_MSGSEND = YES;
				ENABLE_TESTABILITY = YES;
				GCC_C_LANGUAGE_STANDARD = gnu99;
				GCC_DYNAMIC_NO_PIC = NO;
				GCC_NO_COMMON_BLOCKS = YES;
				GCC_OPTIMIZATION_LEVEL = 0;
				GCC_PREPROCESSOR_DEFINITIONS = (
					"DEBUG=1",
					"$(inherited)",
				);
				GCC_WARN_64_TO_32_BIT_CONVERSION = YES;
				GCC_WARN_ABOUT_RETURN_TYPE = YES_ERROR;
				GCC_WARN_UNDECLARED_SELECTOR = YES;
				GCC_WARN_UNINITIALIZED_AUTOS = YES_AGGRESSIVE;
				GCC_WARN_UNUSED_FUNCTION = YES;
				GCC_WARN_UNUSED_VARIABLE = YES;
				MACOSX_DEPLOYMENT_TARGET = 10.11;
				MTL_ENABLE_DEBUG_INFO = YES;
				ONLY_ACTIVE_ARCH = YES;
				SDKROOT = macosx;
			};
			name = Debug;
		};
		1AEDEC0C1CBD4758008CE799 /* Release */ = {
			isa = XCBuildConfiguration;
			buildSettings = {
				ALWAYS_SEARCH_USER_PATHS = NO;
				CLANG_ANALYZER_NONNULL = YES;
				CLANG_CXX_LANGUAGE_STANDARD = "gnu++0x";
				CLANG_CXX_LIBRARY = "libc++";
				CLANG_ENABLE_MODULES = YES;
				CLANG_ENABLE_OBJC_ARC = YES;
				CLANG_WARN_BOOL_CONVERSION = YES;
				CLANG_WARN_CONSTANT_CONVERSION = YES;
				CLANG_WARN_DIRECT_OBJC_ISA_USAGE = YES_ERROR;
				CLANG_WARN_EMPTY_BODY = YES;
				CLANG_WARN_ENUM_CONVERSION = YES;
				CLANG_WARN_INT_CONVERSION = YES;
				CLANG_WARN_OBJC_ROOT_CLASS = YES_ERROR;
				CLANG_WARN_UNREACHABLE_CODE = YES;
				CLANG_WARN__DUPLICATE_METHOD_MATCH = YES;
				CODE_SIGN_IDENTITY = "-";
				COPY_PHASE_STRIP = NO;
				DEBUG_INFORMATION_FORMAT = "dwarf-with-dsym";
				ENABLE_NS_ASSERTIONS = NO;
				ENABLE_STRICT_OBJC_MSGSEND = YES;
				GCC_C_LANGUAGE_STANDARD = gnu99;
				GCC_NO_COMMON_BLOCKS = YES;
				GCC_WARN_64_TO_32_BIT_CONVERSION = YES;
				GCC_WARN_ABOUT_RETURN_TYPE = YES_ERROR;
				GCC_WARN_UNDECLARED_SELECTOR = YES;
				GCC_WARN_UNINITIALIZED_AUTOS = YES_AGGRESSIVE;
				GCC_WARN_UNUSED_FUNCTION = YES;
				GCC_WARN_UNUSED_VARIABLE = YES;
				MACOSX_DEPLOYMENT_TARGET = 10.11;
				MTL_ENABLE_DEBUG_INFO = NO;
				SDKROOT = macosx;
			};
			name = Release;
		};
		1AEDEC0E1CBD4758008CE799 /* Debug */ = {
			isa = XCBuildConfiguration;
			buildSettings = {
				PRODUCT_NAME = "$(TARGET_NAME)";
			};
			name = Debug;
		};
		1AEDEC0F1CBD4758008CE799 /* Release */ = {
			isa = XCBuildConfiguration;
			buildSettings = {
				PRODUCT_NAME = "$(TARGET_NAME)";
			};
			name = Release;
		};
/* End XCBuildConfiguration section */

/* Begin XCConfigurationList section */
		1AEDEC011CBD4758008CE799 /* Build configuration list for PBXProject "Laboration 4" */ = {
			isa = XCConfigurationList;
			buildConfigurations = (
				1AEDEC0B1CBD4758008CE799 /* Debug */,
				1AEDEC0C1CBD4758008CE799 /* Release */,
			);
			defaultConfigurationIsVisible = 0;
			defaultConfigurationName = Release;
		};
		1AEDEC0D1CBD4758008CE799 /* Build configuration list for PBXNativeTarget "Laboration 4" */ = {
			isa = XCConfigurationList;
			buildConfigurations = (
				1AEDEC0E1CBD4758008CE799 /* Debug */,
				1AEDEC0F1CBD4758008CE799 /* Release */,
			);
			defaultConfigurationIsVisible = 0;
		};
/* End XCConfigurationList section */
	};
	rootObject = 1AEDEBFE1CBD4758008CE799 /* Project object */;
}
